
Microsoft Visual Studio Solution File, Format Version 11.00
# Visual C# Express 2010
Project("{FAE04EC0-301F-11D3-BF4B-00C04F79EFBC}") = "GitTest", "GitTest\GitTest\GitTest.csproj", "{AAB838AD-16BC-48A5-99A9-DEABE0EDDAEB}"
EndProject
Project("{96E2B04D-8817-42C6-938A-82C39BA4D311}") = "GitTestContent", "GitTest\GitTestContent\GitTestContent.contentproj", "{910E8BAD-D192-4828-BA36-DF3168861B1A}"
EndProject
Global
	GlobalSection(SolutionConfigurationPlatforms) = preSolution
		Debug|Xbox 360 = Debug|Xbox 360
		Release|Xbox 360 = Release|Xbox 360
	EndGlobalSection
	GlobalSection(ProjectConfigurationPlatforms) = postSolution
		{AAB838AD-16BC-48A5-99A9-DEABE0EDDAEB}.Debug|Xbox 360.ActiveCfg = Debug|Xbox 360
		{AAB838AD-16BC-48A5-99A9-DEABE0EDDAEB}.Debug|Xbox 360.Build.0 = Debug|Xbox 360
		{AAB838AD-16BC-48A5-99A9-DEABE0EDDAEB}.Debug|Xbox 360.Deploy.0 = Debug|Xbox 360
		{AAB838AD-16BC-48A5-99A9-DEABE0EDDAEB}.Release|Xbox 360.ActiveCfg = Release|Xbox 360
		{AAB838AD-16BC-48A5-99A9-DEABE0EDDAEB}.Release|Xbox 360.Build.0 = Release|Xbox 360
		{AAB838AD-16BC-48A5-99A9-DEABE0EDDAEB}.Release|Xbox 360.Deploy.0 = Release|Xbox 360
		{910E8BAD-D192-4828-BA36-DF3168861B1A}.Debug|Xbox 360.ActiveCfg = Debug|Xbox 360
		{910E8BAD-D192-4828-BA36-DF3168861B1A}.Release|Xbox 360.ActiveCfg = Release|Xbox 360
	EndGlobalSection
	GlobalSection(SolutionProperties) = preSolution
		HideSolutionNode = FALSE
	EndGlobalSection
EndGlobal
